
Microsoft Visual Studio Solution File, Format Version 12.00
# Visual Studio Version 17
VisualStudioVersion = 17.2.32616.157
MinimumVisualStudioVersion = 10.0.40219.1
Project("{9A19103F-16F7-4668-BE54-9A1E7A4F7556}") = "KeywordSearch", "KeywordSearch\KeywordSearch.csproj", "{B2630452-44DA-4E30-A771-748EC22F1EC3}"
EndProject
Project("{9A19103F-16F7-4668-BE54-9A1E7A4F7556}") = "KeywordSearch.UnitTests", "KeywordSearch.UnitTests\KeywordSearch.UnitTests.csproj", "{EF7DED14-2EF9-411A-9EE2-37D17CE16E9F}"
EndProject
Project("{2150E333-8FDC-42A3-9474-1A3956D46DE8}") = "Solution Items", "Solution Items", "{0B248CC7-56F6-4507-A5BC-C0B190E20F83}"
	ProjectSection(SolutionItems) = preProject
		LICENSE = LICENSE
		README.md = README.md
	EndProjectSection
EndProject
Project("{2150E333-8FDC-42A3-9474-1A3956D46DE8}") = "Releases", "Releases", "{06DC613C-9A28-4D21-9515-FA773BDE6612}"
	ProjectSection(SolutionItems) = preProject
		Releases\KeywordSearch.3.0.1.nupkg = Releases\KeywordSearch.3.0.1.nupkg
	EndProjectSection
EndProject
Global
	GlobalSection(SolutionConfigurationPlatforms) = preSolution
		Debug|Any CPU = Debug|Any CPU
		Release|Any CPU = Release|Any CPU
	EndGlobalSection
	GlobalSection(ProjectConfigurationPlatforms) = postSolution
		{B2630452-44DA-4E30-A771-748EC22F1EC3}.Debug|Any CPU.ActiveCfg = Debug|Any CPU
		{B2630452-44DA-4E30-A771-748EC22F1EC3}.Debug|Any CPU.Build.0 = Debug|Any CPU
		{B2630452-44DA-4E30-A771-748EC22F1EC3}.Release|Any CPU.ActiveCfg = Release|Any CPU
		{B2630452-44DA-4E30-A771-748EC22F1EC3}.Release|Any CPU.Build.0 = Release|Any CPU
		{EF7DED14-2EF9-411A-9EE2-37D17CE16E9F}.Debug|Any CPU.ActiveCfg = Debug|Any CPU
		{EF7DED14-2EF9-411A-9EE2-37D17CE16E9F}.Debug|Any CPU.Build.0 = Debug|Any CPU
		{EF7DED14-2EF9-411A-9EE2-37D17CE16E9F}.Release|Any CPU.ActiveCfg = Release|Any CPU
		{EF7DED14-2EF9-411A-9EE2-37D17CE16E9F}.Release|Any CPU.Build.0 = Release|Any CPU
	EndGlobalSection
	GlobalSection(SolutionProperties) = preSolution
		HideSolutionNode = FALSE
	EndGlobalSection
	GlobalSection(NestedProjects) = preSolution
		{06DC613C-9A28-4D21-9515-FA773BDE6612} = {0B248CC7-56F6-4507-A5BC-C0B190E20F83}
	EndGlobalSection
	GlobalSection(ExtensibilityGlobals) = postSolution
		SolutionGuid = {182731DB-F470-4B43-B1C0-1FFEAEF527EE}
	EndGlobalSection
EndGlobal
